version = 1
revision = 3
requires-python = ">=3.12"
resolution-markers = [
    "python_full_version >= '4' and platform_python_implementation == 'PyPy'",
    "python_full_version >= '4' and platform_python_implementation != 'PyPy'",
    "python_full_version >= '3.13' and python_full_version < '4' and platform_python_implementation == 'PyPy'",
    "python_full_version >= '3.13' and python_full_version < '4' and platform_python_implementation != 'PyPy'",
    "python_full_version < '3.13' and platform_python_implementation != 'PyPy'",
    "python_full_version < '3.13' and platform_python_implementation == 'PyPy'",
]

[[package]]
name = "04-medical-chatbot"
version = "0.1.0"
source = { virtual = "." }
